
Microsoft Visual Studio Solution File, Format Version 12.00
# Visual Studio 2012
Project("{FAE04EC0-301F-11D3-BF4B-00C04F79EFBC}") = "LiveSDKHelper", "LiveSDKHelper\LiveSDKHelper.csproj", "{5093B1BE-55B4-4639-9DBF-D7264A9B8324}"
EndProject
Project("{2150E333-8FDC-42A3-9474-1A3956D46DE8}") = ".nuget", ".nuget", "{4B99AACB-8E5D-4E5F-9E59-E29B49D745CC}"
	ProjectSection(SolutionItems) = preProject
		.nuget\NuGet.config = .nuget\NuGet.config
		.nuget\NuGet.exe = .nuget\NuGet.exe
	EndProjectSection
EndProject
Project("{2150E333-8FDC-42A3-9474-1A3956D46DE8}") = "Solution Items", "Solution Items", "{C56D4021-1D73-4830-B534-4619822A9297}"
	ProjectSection(SolutionItems) = preProject
		nuspec.2010.7.xsd = nuspec.2010.7.xsd
		nuspec.2011.8.xsd = nuspec.2011.8.xsd
	EndProjectSection
EndProject
Project("{FAE04EC0-301F-11D3-BF4B-00C04F79EFBC}") = "LiveSDKHelperPlayground8", "LiveSDKHelperPlayground8\LiveSDKHelperPlayground8.csproj", "{BB28DA94-09EE-492C-9661-4A6C2F386CE7}"
EndProject
Project("{FAE04EC0-301F-11D3-BF4B-00C04F79EFBC}") = "LiveSDKHelper.Test", "LiveSDKHelper.Test\LiveSDKHelper.Test.csproj", "{4A7AC562-C707-4DFC-9251-C64B7532AE20}"
EndProject
Global
	GlobalSection(SolutionConfigurationPlatforms) = preSolution
		Debug|Any CPU = Debug|Any CPU
		Debug|ARM = Debug|ARM
		Debug|x86 = Debug|x86
		Release|Any CPU = Release|Any CPU
		Release|ARM = Release|ARM
		Release|x86 = Release|x86
	EndGlobalSection
	GlobalSection(ProjectConfigurationPlatforms) = postSolution
		{5093B1BE-55B4-4639-9DBF-D7264A9B8324}.Debug|Any CPU.ActiveCfg = Debug|Any CPU
		{5093B1BE-55B4-4639-9DBF-D7264A9B8324}.Debug|Any CPU.Build.0 = Debug|Any CPU
		{5093B1BE-55B4-4639-9DBF-D7264A9B8324}.Debug|ARM.ActiveCfg = Debug|Any CPU
		{5093B1BE-55B4-4639-9DBF-D7264A9B8324}.Debug|x86.ActiveCfg = Debug|Any CPU
		{5093B1BE-55B4-4639-9DBF-D7264A9B8324}.Release|Any CPU.ActiveCfg = Release|Any CPU
		{5093B1BE-55B4-4639-9DBF-D7264A9B8324}.Release|Any CPU.Build.0 = Release|Any CPU
		{5093B1BE-55B4-4639-9DBF-D7264A9B8324}.Release|ARM.ActiveCfg = Release|Any CPU
		{5093B1BE-55B4-4639-9DBF-D7264A9B8324}.Release|x86.ActiveCfg = Release|Any CPU
		{BB28DA94-09EE-492C-9661-4A6C2F386CE7}.Debug|Any CPU.ActiveCfg = Debug|Any CPU
		{BB28DA94-09EE-492C-9661-4A6C2F386CE7}.Debug|Any CPU.Build.0 = Debug|Any CPU
		{BB28DA94-09EE-492C-9661-4A6C2F386CE7}.Debug|Any CPU.Deploy.0 = Debug|Any CPU
		{BB28DA94-09EE-492C-9661-4A6C2F386CE7}.Debug|ARM.ActiveCfg = Debug|ARM
		{BB28DA94-09EE-492C-9661-4A6C2F386CE7}.Debug|ARM.Build.0 = Debug|ARM
		{BB28DA94-09EE-492C-9661-4A6C2F386CE7}.Debug|ARM.Deploy.0 = Debug|ARM
		{BB28DA94-09EE-492C-9661-4A6C2F386CE7}.Debug|x86.ActiveCfg = Debug|x86
		{BB28DA94-09EE-492C-9661-4A6C2F386CE7}.Debug|x86.Build.0 = Debug|x86
		{BB28DA94-09EE-492C-9661-4A6C2F386CE7}.Debug|x86.Deploy.0 = Debug|x86
		{BB28DA94-09EE-492C-9661-4A6C2F386CE7}.Release|Any CPU.ActiveCfg = Release|Any CPU
		{BB28DA94-09EE-492C-9661-4A6C2F386CE7}.Release|Any CPU.Build.0 = Release|Any CPU
		{BB28DA94-09EE-492C-9661-4A6C2F386CE7}.Release|Any CPU.Deploy.0 = Release|Any CPU
		{BB28DA94-09EE-492C-9661-4A6C2F386CE7}.Release|ARM.ActiveCfg = Release|ARM
		{BB28DA94-09EE-492C-9661-4A6C2F386CE7}.Release|ARM.Build.0 = Release|ARM
		{BB28DA94-09EE-492C-9661-4A6C2F386CE7}.Release|ARM.Deploy.0 = Release|ARM
		{BB28DA94-09EE-492C-9661-4A6C2F386CE7}.Release|x86.ActiveCfg = Release|x86
		{BB28DA94-09EE-492C-9661-4A6C2F386CE7}.Release|x86.Build.0 = Release|x86
		{BB28DA94-09EE-492C-9661-4A6C2F386CE7}.Release|x86.Deploy.0 = Release|x86
		{4A7AC562-C707-4DFC-9251-C64B7532AE20}.Debug|Any CPU.ActiveCfg = Debug|Any CPU
		{4A7AC562-C707-4DFC-9251-C64B7532AE20}.Debug|Any CPU.Build.0 = Debug|Any CPU
		{4A7AC562-C707-4DFC-9251-C64B7532AE20}.Debug|ARM.ActiveCfg = Debug|Any CPU
		{4A7AC562-C707-4DFC-9251-C64B7532AE20}.Debug|x86.ActiveCfg = Debug|Any CPU
		{4A7AC562-C707-4DFC-9251-C64B7532AE20}.Release|Any CPU.ActiveCfg = Release|Any CPU
		{4A7AC562-C707-4DFC-9251-C64B7532AE20}.Release|Any CPU.Build.0 = Release|Any CPU
		{4A7AC562-C707-4DFC-9251-C64B7532AE20}.Release|ARM.ActiveCfg = Release|Any CPU
		{4A7AC562-C707-4DFC-9251-C64B7532AE20}.Release|x86.ActiveCfg = Release|Any CPU
	EndGlobalSection
	GlobalSection(SolutionProperties) = preSolution
		HideSolutionNode = FALSE
	EndGlobalSection
EndGlobal
